// !$*UTF8*$!
{
	archiveVersion = 1;
	classes = {
	};
	objectVersion = 77;
	objects = {

/* Begin PBXBuildFile section */
		09E12A35F0519966F7677E50 /* Hub in Frameworks */ = {isa = PBXBuildFile; productRef = 934B0CE7AC44CCC943F434A4 /* Hub */; };
		15788F1B8417868711610250 /* TranscriptionEngineModelCacheTests.swift in Sources */ = {isa = PBXBuildFile; fileRef = 580D9D72D6FF1FB975B347C1 /* TranscriptionEngineModelCacheTests.swift */; };
		16056F8CC4255A070807989D /* WhisperKit in Frameworks */ = {isa = PBXBuildFile; productRef = D792D023CEBB1DDF07C47180 /* WhisperKit */; };
		2860880391368DCA50BA7C16 /* WhisperSpecialTokensTests.swift in Sources */ = {isa = PBXBuildFile; fileRef = 82A7D270B0CE13C14C0CED66 /* WhisperSpecialTokensTests.swift */; };
		2E070CEBCFF374195CB227DE /* Exporter.swift in Sources */ = {isa = PBXBuildFile; fileRef = 2FBC905922C7DEC0D1D9F21A /* Exporter.swift */; };
		367AC2D7C3864B90B627A9FD /* QAVerification.swift in Sources */ = {isa = PBXBuildFile; fileRef = 70331BF48F0CBD7B1D8B12C0 /* QAVerification.swift */; };
		4424CB09FAEA62AEA53A9C43 /* RunReportTests.swift in Sources */ = {isa = PBXBuildFile; fileRef = 188FC4711063B07D3A4D7E40 /* RunReportTests.swift */; };
		4691EE18A9117E85EF63D0CF /* ModelCalibration.swift in Sources */ = {isa = PBXBuildFile; fileRef = 8E9F2FC6BC9DED5BA6E07E78 /* ModelCalibration.swift */; };
		4A679CF2F3EDDB7BB6EE4ACA /* JobQueue.swift in Sources */ = {isa = PBXBuildFile; fileRef = 8E4A40CBCB4165C11DBDF398 /* JobQueue.swift */; };
		4FB94C2135EFFBCFE8B2F028 /* PlaceholderTests.swift in Sources */ = {isa = PBXBuildFile; fileRef = 669B6322A8EAE36F78C63B55 /* PlaceholderTests.swift */; };
		57E2822A7B5A4E721CC4868D /* SpeechTextApp.swift in Sources */ = {isa = PBXBuildFile; fileRef = F92C129CBCE0BE53BAB4CB71 /* SpeechTextApp.swift */; };
		60156B60F94EFE7A506FFE14 /* TranscriptDetailView.swift in Sources */ = {isa = PBXBuildFile; fileRef = 25F280CEE6FCC4E5A0DB6EEA /* TranscriptDetailView.swift */; };
		84DF3EED2C2F1EE5E50D4F0A /* LiveRecorder.swift in Sources */ = {isa = PBXBuildFile; fileRef = 021FDE61245D40BBC9500075 /* LiveRecorder.swift */; };
		8E670D61C875B60312631485 /* WhisperSpecialTokens.swift in Sources */ = {isa = PBXBuildFile; fileRef = A1A5EF4038ECDBDC21E3897F /* WhisperSpecialTokens.swift */; };
		AE85B9E0E541F6F927EBDD6A /* ExporterTests.swift in Sources */ = {isa = PBXBuildFile; fileRef = EC14F024DABC839597E7324B /* ExporterTests.swift */; };
		B5A4A7F345553820A114D15C /* TranscriptionLanguageTests.swift in Sources */ = {isa = PBXBuildFile; fileRef = E432503C789713D8DFA4E4AF /* TranscriptionLanguageTests.swift */; };
		C1274C57D3D13B1BFBA22820 /* TranscriptSegment.swift in Sources */ = {isa = PBXBuildFile; fileRef = 78CF7B3F935AE62E52F04C1B /* TranscriptSegment.swift */; };
		D6A474E26439C09035FFA175 /* QAVerificationTests.swift in Sources */ = {isa = PBXBuildFile; fileRef = 762A3D96A5C534213E9E0E2B /* QAVerificationTests.swift */; };
		D79293205B92EC020A1E6540 /* ContentView.swift in Sources */ = {isa = PBXBuildFile; fileRef = DA72A8C3BD7AA9CFB5F11105 /* ContentView.swift */; };
		DCB666698A814EAECDBFADBF /* TranscriptionEngine.swift in Sources */ = {isa = PBXBuildFile; fileRef = 1CC0391639FC126EC1228EA1 /* TranscriptionEngine.swift */; };
		EFD0FC44A11DB0E8F854AE7B /* RunReport.swift in Sources */ = {isa = PBXBuildFile; fileRef = 0EB158386A9A2543D6442BAB /* RunReport.swift */; };
		F26C8DA6063DE45AF019A82B /* AudioIngestion.swift in Sources */ = {isa = PBXBuildFile; fileRef = F78371BDCA359B72E742171E /* AudioIngestion.swift */; };
/* End PBXBuildFile section */

/* Begin PBXContainerItemProxy section */
		2D7B757E6F7D61CBB572F12F /* PBXContainerItemProxy */ = {
			isa = PBXContainerItemProxy;
			containerPortal = 1B856A0C11BD1969EE77BA59 /* Project object */;
			proxyType = 1;
			remoteGlobalIDString = F91C7F4B905D28F343B0081F;
			remoteInfo = SpeechTextApp;
		};
/* End PBXContainerItemProxy section */

/* Begin PBXFileReference section */
		021FDE61245D40BBC9500075 /* LiveRecorder.swift */ = {isa = PBXFileReference; lastKnownFileType = sourcecode.swift; path = LiveRecorder.swift; sourceTree = "<group>"; };
		0EB158386A9A2543D6442BAB /* RunReport.swift */ = {isa = PBXFileReference; lastKnownFileType = sourcecode.swift; path = RunReport.swift; sourceTree = "<group>"; };
		188FC4711063B07D3A4D7E40 /* RunReportTests.swift */ = {isa = PBXFileReference; lastKnownFileType = sourcecode.swift; path = RunReportTests.swift; sourceTree = "<group>"; };
		1CC0391639FC126EC1228EA1 /* TranscriptionEngine.swift */ = {isa = PBXFileReference; lastKnownFileType = sourcecode.swift; path = TranscriptionEngine.swift; sourceTree = "<group>"; };
		25F280CEE6FCC4E5A0DB6EEA /* TranscriptDetailView.swift */ = {isa = PBXFileReference; lastKnownFileType = sourcecode.swift; path = TranscriptDetailView.swift; sourceTree = "<group>"; };
		2FBC905922C7DEC0D1D9F21A /* Exporter.swift */ = {isa = PBXFileReference; lastKnownFileType = sourcecode.swift; path = Exporter.swift; sourceTree = "<group>"; };
		310578B56F309B07AF363259 /* SpeechTextAppTests.xctest */ = {isa = PBXFileReference; explicitFileType = wrapper.cfbundle; includeInIndex = 0; path = SpeechTextAppTests.xctest; sourceTree = BUILT_PRODUCTS_DIR; };
		580D9D72D6FF1FB975B347C1 /* TranscriptionEngineModelCacheTests.swift */ = {isa = PBXFileReference; lastKnownFileType = sourcecode.swift; path = TranscriptionEngineModelCacheTests.swift; sourceTree = "<group>"; };
		669B6322A8EAE36F78C63B55 /* PlaceholderTests.swift */ = {isa = PBXFileReference; lastKnownFileType = sourcecode.swift; path = PlaceholderTests.swift; sourceTree = "<group>"; };
		70331BF48F0CBD7B1D8B12C0 /* QAVerification.swift */ = {isa = PBXFileReference; lastKnownFileType = sourcecode.swift; path = QAVerification.swift; sourceTree = "<group>"; };
		762A3D96A5C534213E9E0E2B /* QAVerificationTests.swift */ = {isa = PBXFileReference; lastKnownFileType = sourcecode.swift; path = QAVerificationTests.swift; sourceTree = "<group>"; };
		78CF7B3F935AE62E52F04C1B /* TranscriptSegment.swift */ = {isa = PBXFileReference; lastKnownFileType = sourcecode.swift; path = TranscriptSegment.swift; sourceTree = "<group>"; };
		82A7D270B0CE13C14C0CED66 /* WhisperSpecialTokensTests.swift */ = {isa = PBXFileReference; lastKnownFileType = sourcecode.swift; path = WhisperSpecialTokensTests.swift; sourceTree = "<group>"; };
		8E4A40CBCB4165C11DBDF398 /* JobQueue.swift */ = {isa = PBXFileReference; lastKnownFileType = sourcecode.swift; path = JobQueue.swift; sourceTree = "<group>"; };
		8E9F2FC6BC9DED5BA6E07E78 /* ModelCalibration.swift */ = {isa = PBXFileReference; lastKnownFileType = sourcecode.swift; path = ModelCalibration.swift; sourceTree = "<group>"; };
		97AEC26C1C2EF795735E13DC /* SpeechTextApp.app */ = {isa = PBXFileReference; explicitFileType = wrapper.application; includeInIndex = 0; path = SpeechTextApp.app; sourceTree = BUILT_PRODUCTS_DIR; };
		A1A5EF4038ECDBDC21E3897F /* WhisperSpecialTokens.swift */ = {isa = PBXFileReference; lastKnownFileType = sourcecode.swift; path = WhisperSpecialTokens.swift; sourceTree = "<group>"; };
		DA72A8C3BD7AA9CFB5F11105 /* ContentView.swift */ = {isa = PBXFileReference; lastKnownFileType = sourcecode.swift; path = ContentView.swift; sourceTree = "<group>"; };
		E432503C789713D8DFA4E4AF /* TranscriptionLanguageTests.swift */ = {isa = PBXFileReference; lastKnownFileType = sourcecode.swift; path = TranscriptionLanguageTests.swift; sourceTree = "<group>"; };
		EC14F024DABC839597E7324B /* ExporterTests.swift */ = {isa = PBXFileReference; lastKnownFileType = sourcecode.swift; path = ExporterTests.swift; sourceTree = "<group>"; };
		F78371BDCA359B72E742171E /* AudioIngestion.swift */ = {isa = PBXFileReference; lastKnownFileType = sourcecode.swift; path = AudioIngestion.swift; sourceTree = "<group>"; };
		F92C129CBCE0BE53BAB4CB71 /* SpeechTextApp.swift */ = {isa = PBXFileReference; lastKnownFileType = sourcecode.swift; path = SpeechTextApp.swift; sourceTree = "<group>"; };
/* End PBXFileReference section */

/* Begin PBXFrameworksBuildPhase section */
		496064014FBE74AED4283D06 /* Frameworks */ = {
			isa = PBXFrameworksBuildPhase;
			buildActionMask = 2147483647;
			files = (
				16056F8CC4255A070807989D /* WhisperKit in Frameworks */,
				09E12A35F0519966F7677E50 /* Hub in Frameworks */,
			);
			runOnlyForDeploymentPostprocessing = 0;
		};
/* End PBXFrameworksBuildPhase section */

/* Begin PBXGroup section */
		0CC331EF729A3C566F445390 /* Export */ = {
			isa = PBXGroup;
			children = (
				2FBC905922C7DEC0D1D9F21A /* Exporter.swift */,
			);
			path = Export;
			sourceTree = "<group>";
		};
		3CA3060F287AA3B2C0819B27 /* Report */ = {
			isa = PBXGroup;
			children = (
				0EB158386A9A2543D6442BAB /* RunReport.swift */,
			);
			path = Report;
			sourceTree = "<group>";
		};
		585EA30893C7A570668B7894 = {
			isa = PBXGroup;
			children = (
				DC653DBD4C63621B8D69B447 /* Sources */,
				FB11180141D25632737B21B9 /* Tests */,
				AC1629409A6FC78AC9109B9F /* Products */,
			);
			sourceTree = "<group>";
		};
		647A07E4BBB2AA2BDC9B4D43 /* App */ = {
			isa = PBXGroup;
			children = (
				DA72A8C3BD7AA9CFB5F11105 /* ContentView.swift */,
				F92C129CBCE0BE53BAB4CB71 /* SpeechTextApp.swift */,
				25F280CEE6FCC4E5A0DB6EEA /* TranscriptDetailView.swift */,
			);
			path = App;
			sourceTree = "<group>";
		};
		7E122D6DDE22E195372B6731 /* Models */ = {
			isa = PBXGroup;
			children = (
				78CF7B3F935AE62E52F04C1B /* TranscriptSegment.swift */,
				A1A5EF4038ECDBDC21E3897F /* WhisperSpecialTokens.swift */,
			);
			path = Models;
			sourceTree = "<group>";
		};
		AC1629409A6FC78AC9109B9F /* Products */ = {
			isa = PBXGroup;
			children = (
				97AEC26C1C2EF795735E13DC /* SpeechTextApp.app */,
				310578B56F309B07AF363259 /* SpeechTextAppTests.xctest */,
			);
			name = Products;
			sourceTree = "<group>";
		};
		BD3230FAE5435F81D7399759 /* Audio */ = {
			isa = PBXGroup;
			children = (
				F78371BDCA359B72E742171E /* AudioIngestion.swift */,
				021FDE61245D40BBC9500075 /* LiveRecorder.swift */,
			);
			path = Audio;
			sourceTree = "<group>";
		};
		C9144F75BBD6C22440CAB561 /* Queue */ = {
			isa = PBXGroup;
			children = (
				8E4A40CBCB4165C11DBDF398 /* JobQueue.swift */,
			);
			path = Queue;
			sourceTree = "<group>";
		};
		D58CB1076D40532C1952E427 /* Engine */ = {
			isa = PBXGroup;
			children = (
				8E9F2FC6BC9DED5BA6E07E78 /* ModelCalibration.swift */,
				1CC0391639FC126EC1228EA1 /* TranscriptionEngine.swift */,
			);
			path = Engine;
			sourceTree = "<group>";
		};
		DC653DBD4C63621B8D69B447 /* Sources */ = {
			isa = PBXGroup;
			children = (
				647A07E4BBB2AA2BDC9B4D43 /* App */,
				BD3230FAE5435F81D7399759 /* Audio */,
				D58CB1076D40532C1952E427 /* Engine */,
				0CC331EF729A3C566F445390 /* Export */,
				7E122D6DDE22E195372B6731 /* Models */,
				C9144F75BBD6C22440CAB561 /* Queue */,
				3CA3060F287AA3B2C0819B27 /* Report */,
				E3EC21F44741AD2162B2A6A7 /* Verification */,
			);
			path = Sources;
			sourceTree = "<group>";
		};
		E3EC21F44741AD2162B2A6A7 /* Verification */ = {
			isa = PBXGroup;
			children = (
				70331BF48F0CBD7B1D8B12C0 /* QAVerification.swift */,
			);
			path = Verification;
			sourceTree = "<group>";
		};
		FB11180141D25632737B21B9 /* Tests */ = {
			isa = PBXGroup;
			children = (
				EC14F024DABC839597E7324B /* ExporterTests.swift */,
				669B6322A8EAE36F78C63B55 /* PlaceholderTests.swift */,
				762A3D96A5C534213E9E0E2B /* QAVerificationTests.swift */,
				188FC4711063B07D3A4D7E40 /* RunReportTests.swift */,
				580D9D72D6FF1FB975B347C1 /* TranscriptionEngineModelCacheTests.swift */,
				E432503C789713D8DFA4E4AF /* TranscriptionLanguageTests.swift */,
				82A7D270B0CE13C14C0CED66 /* WhisperSpecialTokensTests.swift */,
			);
			path = Tests;
			sourceTree = "<group>";
		};
/* End PBXGroup section */

/* Begin PBXNativeTarget section */
		A33A7C6D70D5179DA2064022 /* SpeechTextAppTests */ = {
			isa = PBXNativeTarget;
			buildConfigurationList = 71054E6AAF032FA0C06660DB /* Build configuration list for PBXNativeTarget "SpeechTextAppTests" */;
			buildPhases = (
				AEEE37752CA2E36E9184DE36 /* Sources */,
			);
			buildRules = (
			);
			dependencies = (
				B3FAB8A1637D90116D56844E /* PBXTargetDependency */,
			);
			name = SpeechTextAppTests;
			packageProductDependencies = (
			);
			productName = SpeechTextAppTests;
			productReference = 310578B56F309B07AF363259 /* SpeechTextAppTests.xctest */;
			productType = "com.apple.product-type.bundle.unit-test";
		};
		F91C7F4B905D28F343B0081F /* SpeechTextApp */ = {
			isa = PBXNativeTarget;
			buildConfigurationList = 173E5C92610D7EF430795D2B /* Build configuration list for PBXNativeTarget "SpeechTextApp" */;
			buildPhases = (
				3B1C8B114B9663CDF7E3B079 /* Sources */,
				496064014FBE74AED4283D06 /* Frameworks */,
			);
			buildRules = (
			);
			dependencies = (
			);
			name = SpeechTextApp;
			packageProductDependencies = (
				D792D023CEBB1DDF07C47180 /* WhisperKit */,
				934B0CE7AC44CCC943F434A4 /* Hub */,
			);
			productName = SpeechTextApp;
			productReference = 97AEC26C1C2EF795735E13DC /* SpeechTextApp.app */;
			productType = "com.apple.product-type.application";
		};
/* End PBXNativeTarget section */

/* Begin PBXProject section */
		1B856A0C11BD1969EE77BA59 /* Project object */ = {
			isa = PBXProject;
			attributes = {
				BuildIndependentTargetsInParallel = YES;
				LastUpgradeCheck = 1430;
				TargetAttributes = {
					F91C7F4B905D28F343B0081F = {
						ProvisioningStyle = Automatic;
					};
				};
			};
			buildConfigurationList = 01760F927B3703357BE5443B /* Build configuration list for PBXProject "SpeechTextApp" */;
			developmentRegion = en;
			hasScannedForEncodings = 0;
			knownRegions = (
				Base,
				en,
			);
			mainGroup = 585EA30893C7A570668B7894;
			minimizedProjectReferenceProxies = 1;
			packageReferences = (
				65FA4BDA2014FFCED5E8C267 /* XCRemoteSwiftPackageReference "WhisperKit" */,
				1B69BAC7884F40BB725A66A1 /* XCRemoteSwiftPackageReference "swift-transformers" */,
			);
			preferredProjectObjectVersion = 77;
			productRefGroup = AC1629409A6FC78AC9109B9F /* Products */;
			projectDirPath = "";
			projectRoot = "";
			targets = (
				F91C7F4B905D28F343B0081F /* SpeechTextApp */,
				A33A7C6D70D5179DA2064022 /* SpeechTextAppTests */,
			);
		};
/* End PBXProject section */

/* Begin PBXSourcesBuildPhase section */
		3B1C8B114B9663CDF7E3B079 /* Sources */ = {
			isa = PBXSourcesBuildPhase;
			buildActionMask = 2147483647;
			files = (
				F26C8DA6063DE45AF019A82B /* AudioIngestion.swift in Sources */,
				D79293205B92EC020A1E6540 /* ContentView.swift in Sources */,
				2E070CEBCFF374195CB227DE /* Exporter.swift in Sources */,
				4A679CF2F3EDDB7BB6EE4ACA /* JobQueue.swift in Sources */,
				84DF3EED2C2F1EE5E50D4F0A /* LiveRecorder.swift in Sources */,
				4691EE18A9117E85EF63D0CF /* ModelCalibration.swift in Sources */,
				367AC2D7C3864B90B627A9FD /* QAVerification.swift in Sources */,
				EFD0FC44A11DB0E8F854AE7B /* RunReport.swift in Sources */,
				57E2822A7B5A4E721CC4868D /* SpeechTextApp.swift in Sources */,
				60156B60F94EFE7A506FFE14 /* TranscriptDetailView.swift in Sources */,
				C1274C57D3D13B1BFBA22820 /* TranscriptSegment.swift in Sources */,
				DCB666698A814EAECDBFADBF /* TranscriptionEngine.swift in Sources */,
				8E670D61C875B60312631485 /* WhisperSpecialTokens.swift in Sources */,
			);
			runOnlyForDeploymentPostprocessing = 0;
		};
		AEEE37752CA2E36E9184DE36 /* Sources */ = {
			isa = PBXSourcesBuildPhase;
			buildActionMask = 2147483647;
			files = (
				AE85B9E0E541F6F927EBDD6A /* ExporterTests.swift in Sources */,
				4FB94C2135EFFBCFE8B2F028 /* PlaceholderTests.swift in Sources */,
				D6A474E26439C09035FFA175 /* QAVerificationTests.swift in Sources */,
				4424CB09FAEA62AEA53A9C43 /* RunReportTests.swift in Sources */,
				15788F1B8417868711610250 /* TranscriptionEngineModelCacheTests.swift in Sources */,
				B5A4A7F345553820A114D15C /* TranscriptionLanguageTests.swift in Sources */,
				2860880391368DCA50BA7C16 /* WhisperSpecialTokensTests.swift in Sources */,
			);
			runOnlyForDeploymentPostprocessing = 0;
		};
/* End PBXSourcesBuildPhase section */

/* Begin PBXTargetDependency section */
		B3FAB8A1637D90116D56844E /* PBXTargetDependency */ = {
			isa = PBXTargetDependency;
			target = F91C7F4B905D28F343B0081F /* SpeechTextApp */;
			targetProxy = 2D7B757E6F7D61CBB572F12F /* PBXContainerItemProxy */;
		};
/* End PBXTargetDependency section */

/* Begin XCBuildConfiguration section */
		2136C759CE3A9563D45EEE72 /* Debug */ = {
			isa = XCBuildConfiguration;
			buildSettings = {
				ALWAYS_SEARCH_USER_PATHS = NO;
				CLANG_ANALYZER_NONNULL = YES;
				CLANG_ANALYZER_NUMBER_OBJECT_CONVERSION = YES_AGGRESSIVE;
				CLANG_CXX_LANGUAGE_STANDARD = "gnu++14";
				CLANG_CXX_LIBRARY = "libc++";
				CLANG_ENABLE_MODULES = YES;
				CLANG_ENABLE_OBJC_ARC = YES;
				CLANG_ENABLE_OBJC_WEAK = YES;
				CLANG_WARN_BLOCK_CAPTURE_AUTORELEASING = YES;
				CLANG_WARN_BOOL_CONVERSION = YES;
				CLANG_WARN_COMMA = YES;
				CLANG_WARN_CONSTANT_CONVERSION = YES;
				CLANG_WARN_DEPRECATED_OBJC_IMPLEMENTATIONS = YES;
				CLANG_WARN_DIRECT_OBJC_ISA_USAGE = YES_ERROR;
				CLANG_WARN_DOCUMENTATION_COMMENTS = YES;
				CLANG_WARN_EMPTY_BODY = YES;
				CLANG_WARN_ENUM_CONVERSION = YES;
				CLANG_WARN_INFINITE_RECURSION = YES;
				CLANG_WARN_INT_CONVERSION = YES;
				CLANG_WARN_NON_LITERAL_NULL_CONVERSION = YES;
				CLANG_WARN_OBJC_IMPLICIT_RETAIN_SELF = YES;
				CLANG_WARN_OBJC_LITERAL_CONVERSION = YES;
				CLANG_WARN_OBJC_ROOT_CLASS = YES_ERROR;
				CLANG_WARN_QUOTED_INCLUDE_IN_FRAMEWORK_HEADER = YES;
				CLANG_WARN_RANGE_LOOP_ANALYSIS = YES;
				CLANG_WARN_STRICT_PROTOTYPES = YES;
				CLANG_WARN_SUSPICIOUS_MOVE = YES;
				CLANG_WARN_UNGUARDED_AVAILABILITY = YES_AGGRESSIVE;
				CLANG_WARN_UNREACHABLE_CODE = YES;
				CLANG_WARN__DUPLICATE_METHOD_MATCH = YES;
				COPY_PHASE_STRIP = NO;
				DEBUG_INFORMATION_FORMAT = dwarf;
				ENABLE_STRICT_OBJC_MSGSEND = YES;
				ENABLE_TESTABILITY = YES;
				GCC_C_LANGUAGE_STANDARD = gnu11;
				GCC_DYNAMIC_NO_PIC = NO;
				GCC_NO_COMMON_BLOCKS = YES;
				GCC_OPTIMIZATION_LEVEL = 0;
				GCC_PREPROCESSOR_DEFINITIONS = (
					"$(inherited)",
					"DEBUG=1",
				);
				GCC_WARN_64_TO_32_BIT_CONVERSION = YES;
				GCC_WARN_ABOUT_RETURN_TYPE = YES_ERROR;
				GCC_WARN_UNDECLARED_SELECTOR = YES;
				GCC_WARN_UNINITIALIZED_AUTOS = YES_AGGRESSIVE;
				GCC_WARN_UNUSED_FUNCTION = YES;
				GCC_WARN_UNUSED_VARIABLE = YES;
				MACOSX_DEPLOYMENT_TARGET = 15.0;
				MTL_ENABLE_DEBUG_INFO = INCLUDE_SOURCE;
				MTL_FAST_MATH = YES;
				ONLY_ACTIVE_ARCH = YES;
				PRODUCT_NAME = "$(TARGET_NAME)";
				SDKROOT = macosx;
				SWIFT_ACTIVE_COMPILATION_CONDITIONS = DEBUG;
				SWIFT_OPTIMIZATION_LEVEL = "-Onone";
				SWIFT_VERSION = 5.0;
			};
			name = Debug;
		};
		650B2CAE606BE87DE952877A /* Release */ = {
			isa = XCBuildConfiguration;
			buildSettings = {
				ASSETCATALOG_COMPILER_APPICON_NAME = AppIcon;
				CODE_SIGNING_ALLOWED = NO;
				CODE_SIGNING_REQUIRED = NO;
				CODE_SIGN_IDENTITY = "-";
				CODE_SIGN_STYLE = Automatic;
				COMBINE_HIDPI_IMAGES = YES;
				CURRENT_PROJECT_VERSION = 1;
				ENABLE_PREVIEWS = YES;
				GENERATE_INFOPLIST_FILE = YES;
				INFOPLIST_KEY_LSApplicationCategoryType = "public.app-category.productivity";
				INFOPLIST_KEY_NSHumanReadableCopyright = "";
				INFOPLIST_KEY_NSMicrophoneUsageDescription = "SpeechTextApp needs microphone access to record audio for transcription.";
				LD_RUNPATH_SEARCH_PATHS = (
					"$(inherited)",
					"@executable_path/../Frameworks",
				);
				MACOSX_DEPLOYMENT_TARGET = 15.0;
				MARKETING_VERSION = 1.0;
				PRODUCT_BUNDLE_IDENTIFIER = com.rianiskandar.SpeechTextApp;
				SDKROOT = macosx;
				SWIFT_VERSION = 5;
			};
			name = Release;
		};
		79BBB3CFCA73AE131FA2309F /* Debug */ = {
			isa = XCBuildConfiguration;
			buildSettings = {
				ASSETCATALOG_COMPILER_APPICON_NAME = AppIcon;
				CODE_SIGNING_ALLOWED = NO;
				CODE_SIGNING_REQUIRED = NO;
				CODE_SIGN_IDENTITY = "-";
				CODE_SIGN_STYLE = Automatic;
				COMBINE_HIDPI_IMAGES = YES;
				CURRENT_PROJECT_VERSION = 1;
				ENABLE_PREVIEWS = YES;
				GENERATE_INFOPLIST_FILE = YES;
				INFOPLIST_KEY_LSApplicationCategoryType = "public.app-category.productivity";
				INFOPLIST_KEY_NSHumanReadableCopyright = "";
				INFOPLIST_KEY_NSMicrophoneUsageDescription = "SpeechTextApp needs microphone access to record audio for transcription.";
				LD_RUNPATH_SEARCH_PATHS = (
					"$(inherited)",
					"@executable_path/../Frameworks",
				);
				MACOSX_DEPLOYMENT_TARGET = 15.0;
				MARKETING_VERSION = 1.0;
				PRODUCT_BUNDLE_IDENTIFIER = com.rianiskandar.SpeechTextApp;
				SDKROOT = macosx;
				SWIFT_VERSION = 5;
			};
			name = Debug;
		};
		7FCE2AD79D58798B371BF8EA /* Release */ = {
			isa = XCBuildConfiguration;
			buildSettings = {
				BUNDLE_LOADER = "$(TEST_HOST)";
				CODE_SIGNING_ALLOWED = NO;
				CODE_SIGNING_REQUIRED = NO;
				COMBINE_HIDPI_IMAGES = YES;
				LD_RUNPATH_SEARCH_PATHS = (
					"$(inherited)",
					"@executable_path/../Frameworks",
					"@loader_path/../Frameworks",
				);
				PRODUCT_BUNDLE_IDENTIFIER = com.rianiskandar.SpeechTextAppTests;
				SDKROOT = macosx;
				SWIFT_VERSION = 5;
				TEST_HOST = "$(BUILT_PRODUCTS_DIR)/SpeechTextApp.app/Contents/MacOS/SpeechTextApp";
			};
			name = Release;
		};
		84E6EEEB98074F95BCCF0E58 /* Release */ = {
			isa = XCBuildConfiguration;
			buildSettings = {
				ALWAYS_SEARCH_USER_PATHS = NO;
				CLANG_ANALYZER_NONNULL = YES;
				CLANG_ANALYZER_NUMBER_OBJECT_CONVERSION = YES_AGGRESSIVE;
				CLANG_CXX_LANGUAGE_STANDARD = "gnu++14";
				CLANG_CXX_LIBRARY = "libc++";
				CLANG_ENABLE_MODULES = YES;
				CLANG_ENABLE_OBJC_ARC = YES;
				CLANG_ENABLE_OBJC_WEAK = YES;
				CLANG_WARN_BLOCK_CAPTURE_AUTORELEASING = YES;
				CLANG_WARN_BOOL_CONVERSION = YES;
				CLANG_WARN_COMMA = YES;
				CLANG_WARN_CONSTANT_CONVERSION = YES;
				CLANG_WARN_DEPRECATED_OBJC_IMPLEMENTATIONS = YES;
				CLANG_WARN_DIRECT_OBJC_ISA_USAGE = YES_ERROR;
				CLANG_WARN_DOCUMENTATION_COMMENTS = YES;
				CLANG_WARN_EMPTY_BODY = YES;
				CLANG_WARN_ENUM_CONVERSION = YES;
				CLANG_WARN_INFINITE_RECURSION = YES;
				CLANG_WARN_INT_CONVERSION = YES;
				CLANG_WARN_NON_LITERAL_NULL_CONVERSION = YES;
				CLANG_WARN_OBJC_IMPLICIT_RETAIN_SELF = YES;
				CLANG_WARN_OBJC_LITERAL_CONVERSION = YES;
				CLANG_WARN_OBJC_ROOT_CLASS = YES_ERROR;
				CLANG_WARN_QUOTED_INCLUDE_IN_FRAMEWORK_HEADER = YES;
				CLANG_WARN_RANGE_LOOP_ANALYSIS = YES;
				CLANG_WARN_STRICT_PROTOTYPES = YES;
				CLANG_WARN_SUSPICIOUS_MOVE = YES;
				CLANG_WARN_UNGUARDED_AVAILABILITY = YES_AGGRESSIVE;
				CLANG_WARN_UNREACHABLE_CODE = YES;
				CLANG_WARN__DUPLICATE_METHOD_MATCH = YES;
				COPY_PHASE_STRIP = NO;
				DEBUG_INFORMATION_FORMAT = "dwarf-with-dsym";
				ENABLE_NS_ASSERTIONS = NO;
				ENABLE_STRICT_OBJC_MSGSEND = YES;
				GCC_C_LANGUAGE_STANDARD = gnu11;
				GCC_NO_COMMON_BLOCKS = YES;
				GCC_WARN_64_TO_32_BIT_CONVERSION = YES;
				GCC_WARN_ABOUT_RETURN_TYPE = YES_ERROR;
				GCC_WARN_UNDECLARED_SELECTOR = YES;
				GCC_WARN_UNINITIALIZED_AUTOS = YES_AGGRESSIVE;
				GCC_WARN_UNUSED_FUNCTION = YES;
				GCC_WARN_UNUSED_VARIABLE = YES;
				MACOSX_DEPLOYMENT_TARGET = 15.0;
				MTL_ENABLE_DEBUG_INFO = NO;
				MTL_FAST_MATH = YES;
				PRODUCT_NAME = "$(TARGET_NAME)";
				SDKROOT = macosx;
				SWIFT_COMPILATION_MODE = wholemodule;
				SWIFT_OPTIMIZATION_LEVEL = "-O";
				SWIFT_VERSION = 5.0;
			};
			name = Release;
		};
		B0BE2A3E4B67A01A135FF92C /* Debug */ = {
			isa = XCBuildConfiguration;
			buildSettings = {
				BUNDLE_LOADER = "$(TEST_HOST)";
				CODE_SIGNING_ALLOWED = NO;
				CODE_SIGNING_REQUIRED = NO;
				COMBINE_HIDPI_IMAGES = YES;
				LD_RUNPATH_SEARCH_PATHS = (
					"$(inherited)",
					"@executable_path/../Frameworks",
					"@loader_path/../Frameworks",
				);
				PRODUCT_BUNDLE_IDENTIFIER = com.rianiskandar.SpeechTextAppTests;
				SDKROOT = macosx;
				SWIFT_VERSION = 5;
				TEST_HOST = "$(BUILT_PRODUCTS_DIR)/SpeechTextApp.app/Contents/MacOS/SpeechTextApp";
			};
			name = Debug;
		};
/* End XCBuildConfiguration section */

/* Begin XCConfigurationList section */
		01760F927B3703357BE5443B /* Build configuration list for PBXProject "SpeechTextApp" */ = {
			isa = XCConfigurationList;
			buildConfigurations = (
				2136C759CE3A9563D45EEE72 /* Debug */,
				84E6EEEB98074F95BCCF0E58 /* Release */,
			);
			defaultConfigurationIsVisible = 0;
			defaultConfigurationName = Debug;
		};
		173E5C92610D7EF430795D2B /* Build configuration list for PBXNativeTarget "SpeechTextApp" */ = {
			isa = XCConfigurationList;
			buildConfigurations = (
				79BBB3CFCA73AE131FA2309F /* Debug */,
				650B2CAE606BE87DE952877A /* Release */,
			);
			defaultConfigurationIsVisible = 0;
			defaultConfigurationName = Debug;
		};
		71054E6AAF032FA0C06660DB /* Build configuration list for PBXNativeTarget "SpeechTextAppTests" */ = {
			isa = XCConfigurationList;
			buildConfigurations = (
				B0BE2A3E4B67A01A135FF92C /* Debug */,
				7FCE2AD79D58798B371BF8EA /* Release */,
			);
			defaultConfigurationIsVisible = 0;
			defaultConfigurationName = Debug;
		};
/* End XCConfigurationList section */

/* Begin XCRemoteSwiftPackageReference section */
		1B69BAC7884F40BB725A66A1 /* XCRemoteSwiftPackageReference "swift-transformers" */ = {
			isa = XCRemoteSwiftPackageReference;
			repositoryURL = "https://github.com/huggingface/swift-transformers.git";
			requirement = {
				kind = exactVersion;
				version = 1.1.9;
			};
		};
		65FA4BDA2014FFCED5E8C267 /* XCRemoteSwiftPackageReference "WhisperKit" */ = {
			isa = XCRemoteSwiftPackageReference;
			repositoryURL = "https://github.com/argmaxinc/WhisperKit";
			requirement = {
				kind = upToNextMajorVersion;
				minimumVersion = 0.9.0;
			};
		};
/* End XCRemoteSwiftPackageReference section */

/* Begin XCSwiftPackageProductDependency section */
		934B0CE7AC44CCC943F434A4 /* Hub */ = {
			isa = XCSwiftPackageProductDependency;
			package = 1B69BAC7884F40BB725A66A1 /* XCRemoteSwiftPackageReference "swift-transformers" */;
			productName = Hub;
		};
		D792D023CEBB1DDF07C47180 /* WhisperKit */ = {
			isa = XCSwiftPackageProductDependency;
			package = 65FA4BDA2014FFCED5E8C267 /* XCRemoteSwiftPackageReference "WhisperKit" */;
			productName = WhisperKit;
		};
/* End XCSwiftPackageProductDependency section */
	};
	rootObject = 1B856A0C11BD1969EE77BA59 /* Project object */;
}
